<?xml version="1.0" encoding="utf-8"?>
<Project ToolsVersion="4.0" xmlns="http://schemas.microsoft.com/developer/msbuild/2003">
  <ItemGroup>
    <Filter Include="Classes">
      <UniqueIdentifier>{14db7f48-a6af-4240-a5ca-9f7715c30a0d}</UniqueIdentifier>
    </Filter>
    <Filter Include="Win32">
      <UniqueIdentifier>{84a8ebd7-7cf0-47f6-b75e-d441df67da40}</UniqueIdentifier>
    </Filter>
    <Filter Include="Resources">
      <UniqueIdentifier>{43097f4d-374b-41b3-9b00-d875e4ca1457}</UniqueIdentifier>
    </Filter>
    <Filter Include="Classes\Button">
      <UniqueIdentifier>{ed8394a6-a6cd-4030-bd0a-5d73c3af8378}</UniqueIdentifier>
    </Filter>
    <Filter Include="Classes\Player">
      <UniqueIdentifier>{3cd46c7f-bd2e-42c5-9e31-532a99346b22}</UniqueIdentifier>
    </Filter>
    <Filter Include="Classes\Scene">
      <UniqueIdentifier>{8fd7c5a9-02c0-4c5f-8b3d-6fe005b80279}</UniqueIdentifier>
    </Filter>
    <Filter Include="Classes\Battle">
      <UniqueIdentifier>{3cfb6ca9-728f-4d6c-9300-d642e96e4486}</UniqueIdentifier>
    </Filter>
    <Filter Include="Classes\Control">
      <UniqueIdentifier>{323bda54-684c-4ee1-b8d9-0ba7377a3568}</UniqueIdentifier>
    </Filter>
    <Filter Include="Classes\Champion">
      <UniqueIdentifier>{ed5d1db5-2436-453f-a891-6047ac0c74b0}</UniqueIdentifier>
    </Filter>
    <Filter Include="Classes\LocationMap">
      <UniqueIdentifier>{85cff736-ddc5-45ca-a7b0-fda94795b4a7}</UniqueIdentifier>
    </Filter>
    <Filter Include="Classes\Layer">
      <UniqueIdentifier>{b9edde47-baa8-485f-a380-db5c5ce18252}</UniqueIdentifier>
    </Filter>
    <Filter Include="Classes\AppDelegate">
      <UniqueIdentifier>{5bf5e351-14f3-4e2c-af6a-d10ffa5c6ac9}</UniqueIdentifier>
    </Filter>
  </ItemGroup>
  <ItemGroup>
    <ClCompile Include="GameMain.cpp">
      <Filter>Win32</Filter>
    </ClCompile>
    <ClCompile Include="..\Classes\Button\HoverButton.cpp">
      <Filter>Classes\Button</Filter>
    </ClCompile>
    <ClCompile Include="..\Classes\Player\AIPlayer.cpp">
      <Filter>Classes\Player</Filter>
    </ClCompile>
    <ClCompile Include="..\Classes\Player\HumanPlayer.cpp">
      <Filter>Classes\Player</Filter>
    </ClCompile>
    <ClCompile Include="..\Classes\Player\Player.cpp">
      <Filter>Classes\Player</Filter>
    </ClCompile>
    <ClCompile Include="..\Classes\Scene\InitialScene.cpp">
      <Filter>Classes\Scene</Filter>
    </ClCompile>
    <ClCompile Include="..\Classes\Scene\MenuScene.cpp">
      <Filter>Classes\Scene</Filter>
    </ClCompile>
    <ClCompile Include="..\Classes\Scene\OnlineModeMenuScene.cpp">
      <Filter>Classes\Scene</Filter>
    </ClCompile>
    <ClCompile Include="..\Classes\Battle\Battle.cpp">
      <Filter>Classes\Battle</Filter>
    </ClCompile>
    <ClCompile Include="..\Classes\Control\OfflineModeControl.cpp">
      <Filter>Classes\Control</Filter>
    </ClCompile>
    <ClCompile Include="..\Classes\Control\OnlineModeControl.cpp">
      <Filter>Classes\Control</Filter>
    </ClCompile>
    <ClCompile Include="..\Classes\Champion\Champion.cpp">
      <Filter>Classes\Champion</Filter>
    </ClCompile>
    <ClCompile Include="..\Classes\Scene\OfflineModePreparationScene.cpp">
      <Filter>Classes\Scene</Filter>
    </ClCompile>
    <ClCompile Include="..\Classes\Control\Control.cpp">
      <Filter>Classes\Control</Filter>
    </ClCompile>
    <ClCompile Include="..\Classes\Scene\StartupScene.cpp">
      <Filter>Classes\Scene</Filter>
    </ClCompile>
    <ClCompile Include="..\Classes\LocationMap\LocationMap.cpp">
      <Filter>Classes\LocationMap</Filter>
    </ClCompile>
    <ClCompile Include="..\Classes\Scene\OfflineModeBattleScene.cpp">
      <Filter>Classes\Scene</Filter>
    </ClCompile>
    <ClCompile Include="..\Classes\Layer\ChampionAttributesLayer.cpp">
      <Filter>Classes\Layer</Filter>
    </ClCompile>
    <ClCompile Include="..\Classes\Layer\PlacementMarkerLayer.cpp">
      <Filter>Classes\Layer</Filter>
    </ClCompile>
    <ClCompile Include="..\Classes\Layer\ScoreBoardLayer.cpp">
      <Filter>Classes\Layer</Filter>
    </ClCompile>
    <ClCompile Include="..\Classes\Scene\OnlineModePreparationScene.cpp">
      <Filter>Classes\Scene</Filter>
    </ClCompile>
    <ClCompile Include="..\Classes\Scene\OnlineModeBattleScene.cpp">
      <Filter>Classes\Scene</Filter>
    </ClCompile>
    <ClCompile Include="..\Classes\Scene\SettingsScene.cpp">
      <Filter>Classes\Scene</Filter>
    </ClCompile>
    <ClCompile Include="..\Classes\Scene\SelectionScene.cpp">
      <Filter>Classes\Scene</Filter>
    </ClCompile>
    <ClCompile Include="..\Classes\Scene\OfflineModeRuneScene.cpp">
      <Filter>Classes\Scene</Filter>
    </ClCompile>
    <ClCompile Include="..\Classes\AppDelegate\AppDelegate.cpp">
      <Filter>Classes\AppDelegate</Filter>
    </ClCompile>
    <ClCompile Include="..\Classes\Scene\ReferenceScene.cpp">
      <Filter>Classes\Scene</Filter>
    </ClCompile>
  </ItemGroup>
  <ItemGroup>
    <ClInclude Include="Constant.h">
      <Filter>Win32</Filter>
    </ClInclude>
    <ClInclude Include="..\Classes\Button\HoverButton.h">
      <Filter>Classes\Button</Filter>
    </ClInclude>
    <ClInclude Include="..\Classes\Player\AIPlayer.h">
      <Filter>Classes\Player</Filter>
    </ClInclude>
    <ClInclude Include="..\Classes\Player\HumanPlayer.h">
      <Filter>Classes\Player</Filter>
    </ClInclude>
    <ClInclude Include="..\Classes\Player\Player.h">
      <Filter>Classes\Player</Filter>
    </ClInclude>
    <ClInclude Include="..\Classes\Scene\InitialScene.h">
      <Filter>Classes\Scene</Filter>
    </ClInclude>
    <ClInclude Include="..\Classes\Scene\MenuScene.h">
      <Filter>Classes\Scene</Filter>
    </ClInclude>
    <ClInclude Include="..\Classes\Scene\OnlineModeMenuScene.h">
      <Filter>Classes\Scene</Filter>
    </ClInclude>
    <ClInclude Include="..\Classes\Battle\Battle.h">
      <Filter>Classes\Battle</Filter>
    </ClInclude>
    <ClInclude Include="..\Classes\Control\Control.h">
      <Filter>Classes\Control</Filter>
    </ClInclude>
    <ClInclude Include="..\Classes\Control\OfflineModeControl.h">
      <Filter>Classes\Control</Filter>
    </ClInclude>
    <ClInclude Include="..\Classes\Control\OnlineModeControl.h">
      <Filter>Classes\Control</Filter>
    </ClInclude>
    <ClInclude Include="..\Classes\Champion\Champion.h">
      <Filter>Classes\Champion</Filter>
    </ClInclude>
    <ClInclude Include="..\Classes\Scene\OfflineModePreparationScene.h">
      <Filter>Classes\Scene</Filter>
    </ClInclude>
    <ClInclude Include="..\Classes\Scene\StartupScene.h">
      <Filter>Classes\Scene</Filter>
    </ClInclude>
    <ClInclude Include="..\Classes\LocationMap\LocationMap.h">
      <Filter>Classes\LocationMap</Filter>
    </ClInclude>
    <ClInclude Include="..\Classes\Scene\OfflineModeBattleScene.h">
      <Filter>Classes\Scene</Filter>
    </ClInclude>
    <ClInclude Include="..\Classes\Layer\ChampionAttributesLayer.h">
      <Filter>Classes\Layer</Filter>
    </ClInclude>
    <ClInclude Include="..\Classes\Layer\PlacementMarkerLayer.h">
      <Filter>Classes\Layer</Filter>
    </ClInclude>
    <ClInclude Include="..\Classes\Layer\ScoreBoardLayer.h">
      <Filter>Classes\Layer</Filter>
    </ClInclude>
    <ClInclude Include="..\Classes\Scene\OnlineModePreparationScene.h">
      <Filter>Classes\Scene</Filter>
    </ClInclude>
    <ClInclude Include="..\Classes\Scene\OnlineModeBattleScene.h">
      <Filter>Classes\Scene</Filter>
    </ClInclude>
    <ClInclude Include="..\Classes\Scene\SettingsScene.h">
      <Filter>Classes\Scene</Filter>
    </ClInclude>
    <ClInclude Include="..\Classes\Scene\SelectionScene.h">
      <Filter>Classes\Scene</Filter>
    </ClInclude>
    <ClInclude Include="..\Classes\Scene\OfflineModeRuneScene.h">
      <Filter>Classes\Scene</Filter>
    </ClInclude>
    <ClInclude Include="..\Classes\AppDelegate\AppDelegate.h">
      <Filter>Classes\AppDelegate</Filter>
    </ClInclude>
    <ClInclude Include="AudioPlayer.h">
      <Filter>Win32</Filter>
    </ClInclude>
    <ClInclude Include="..\Classes\Scene\ReferenceScene.h">
      <Filter>Classes\Scene</Filter>
    </ClInclude>
  </ItemGroup>
  <ItemGroup>
    <ResourceCompile Include="Icon.rc">
      <Filter>Resources</Filter>
    </ResourceCompile>
  </ItemGroup>
</Project>